version = 1
revision = 3
requires-python = ">=3.13"

[[package]]
name = "fastcrc"
version = "0.3.6"
source = { registry = "https://pypi.org/simple" }
sdist = { url = "https://files.pythonhosted.org/packages/69/4b/ac4823a77fe7fe1b91f65546bc7e4a2d54ca98c75c25ad20be5f77cc3fac/fastcrc-0.3.6.tar.gz", hash = "sha256:58eb2409d37f47edd962d1a8df55fd018dd553e0830e7c016b92f4ecafb825fe", size = 11876, upload-time = "2026-05-06T06:40:21.242Z" }
wheels = [
    { url = "https://files.pythonhosted.org/packages/17/ca/d288e1fe85ed7b8d9baaedaf89167866cd9705af86dd36f1a0f37488c6ec/fastcrc-0.3.6-cp313-cp313-macosx_10_12_x86_64.whl", hash = "sha256:1c39e921b5bc7c1532b344c15142282d007e2779d44122e26b8e00d1e590d3bc", size = 251920, upload-time = "2026-05-06T06:39:02.606Z" },
    { url = "https://files.pythonhosted.org/packages/f8/cd/c49b63b78b55e321c38577392640c952f6be130f22dfb37688bf9342cba7/fastcrc-0.3.6-cp313-cp313-macosx_11_0_arm64.whl", hash = "sha256:7aa3fb452752b2242a99757ac84236c6d5f02ee6ec6c713fbc96f79b8166b210", size = 250461, upload-time = "2026-05-06T06:38:57.405Z" },
    { url = "https://files.pythonhosted.org/packages/78/71/cd84d37d87fb6d3c341683a32333cbb5725217f32de1172d04ab5971f100/fastcrc-0.3.6-cp313-cp313-manylinux_2_17_aarch64.manylinux2014_aarch64.whl", hash = "sha256:5eff3578a85b44bacc12cd5cbb110179a7b576e67cadf01243b93e73dc843ce3", size = 281987, upload-time = "2026-05-06T06:37:08.023Z" },
    { url = "https://files.pythonhosted.org/packages/9b/48/f661039effa4340e3972dd4792f86110fb7b63b1fa57a4ae66677f55a0e4/fastcrc-0.3.6-cp313-cp313-manylinux_2_17_armv7l.manylinux2014_armv7l.whl", hash = "sha256:e4c53827a65a2f3e3f8377dc0d84e7aea719e05471b31f06b9e372b969e4268d", size = 287818, upload-time = "2026-05-06T06:37:25.332Z" },
    { url = "https://files.pythonhosted.org/packages/d0/8c/a191f1ab7e9d23e3a2fca6427fa5a18851cbf665687c2e69d16ddaad9dd5/fastcrc-0.3.6-cp313-cp313-manylinux_2_17_ppc64le.manylinux2014_ppc64le.whl", hash = "sha256:244bfc57ba160fa394f38aa7ef9a3e4dad05ecbc0b0cb1c3801b271268653f8b", size = 394215, upload-time = "2026-05-06T06:37:42.914Z" },
    { url = "https://files.pythonhosted.org/packages/12/cd/54cce9b83ee2caa881835140da8f32aa2f0289d3059d67670929bad54f1c/fastcrc-0.3.6-cp313-cp313-manylinux_2_17_s390x.manylinux2014_s390x.whl", hash = "sha256:239959faea2b87f7e5db13a5a33f36817d7437d01ffe1f7320013ac359a37f0a", size = 303527, upload-time = "2026-05-06T06:38:20.433Z" },
    { url = "https://files.pythonhosted.org/packages/93/34/e1107c2cf9d7ed518ee151261684bf1f95f1b33abb4f2ab2c1cdd94653dc/fastcrc-0.3.6-cp313-cp313-manylinux_2_17_x86_64.manylinux2014_x86_64.whl", hash = "sha256:94ab4a126d042a52df4e115f7e2dfa1938b2afcc9c62c4195b75409708787e03", size = 283352, upload-time = "2026-05-06T06:38:47.875Z" },
    { url = "https://files.pythonhosted.org/packages/76/22/9e316782b4bb8fc67b3ba0e0a61e81f80348ec9bf6fbeb5bd3d5b8d9cfbe/fastcrc-0.3.6-cp313-cp313-manylinux_2_31_riscv64.whl", hash = "sha256:3aa335afe937c3ff9df5924b73c665fa4c1ccf27412a924004a5785a968d20d9", size = 286825, upload-time = "2026-05-06T06:38:03.01Z" },
    { url = "https://files.pythonhosted.org/packages/89/8d/66384419aeb4b4b413f5f4ff5f59b76deaf193fdf8a3737de5c08ed4c04f/fastcrc-0.3.6-cp313-cp313-manylinux_2_5_i686.manylinux1_i686.whl", hash = "sha256:1ae91335202e8bff24efb2311f0bfda60517f6947a5b5ad3f86fb5256f386af5", size = 298077, upload-time = "2026-05-06T06:38:38.137Z" },
    { url = "https://files.pythonhosted.org/packages/77/40/37bad4d9f36c61383ebd9fae22d1217b762064efb9784802b011e0086ea8/fastcrc-0.3.6-cp313-cp313-musllinux_1_2_aarch64.whl", hash = "sha256:feaa67bb7ed4a5faaab6b9d45fbe5db19302954109bb3f67f122ff150d0ce458", size = 458077, upload-time = "2026-05-06T06:39:08.881Z" },
    { url = "https://files.pythonhosted.org/packages/c2/13/5ae59472551fe496c9c29d407c596e3493189dd0441ca0e0328ce9b2ce23/fastcrc-0.3.6-cp313-cp313-musllinux_1_2_armv7l.whl", hash = "sha256:682f903cc6ce4abd61d7593c917b4b472fe868cb513581737a5795dd39f1e71e", size = 562771, upload-time = "2026-05-06T06:39:28.298Z" },
    { url = "https://files.pythonhosted.org/packages/8d/b1/f1be1f784319e12263af0effb5c33d4cff0ba7d0f733abdd7b8ef028f6f4/fastcrc-0.3.6-cp313-cp313-musllinux_1_2_i686.whl", hash = "sha256:36a9e63472fb190e41fc880d422459c0b11ed06cde7eb0246b79882929f18d9a", size = 518106, upload-time = "2026-05-06T06:39:46.842Z" },
    { url = "https://files.pythonhosted.org/packages/e9/4e/1380ffa71dc57503e4ec064e58c9c485b3ea9e1c0ec8874d7c251974e35d/fastcrc-0.3.6-cp313-cp313-musllinux_1_2_x86_64.whl", hash = "sha256:881ce2adc044af6eeb82484c70fb3b1a2e095fdf5f743a00a01ed5b5bb6a9da2", size = 487798, upload-time = "2026-05-06T06:40:06.296Z" },
    { url = "https://files.pythonhosted.org/packages/b9/89/dbf70f1908b36b8bec2b3ddf9fba58a4b4457c75b9832f64ddc5aa1a68e5/fastcrc-0.3.6-cp313-cp313-win_amd64.whl", hash = "sha256:10fbfc6ca913c1be8ec38b5b209aeebfc503bcdac6a91b512faaecad2eee71ca", size = 149482, upload-time = "2026-05-06T06:40:26.554Z" },
    { url = "https://files.pythonhosted.org/packages/73/a0/043de1596a4c5b96cd2d75158010cd9513f872fa4f1c0c002bee5305d521/fastcrc-0.3.6-cp313-cp313t-manylinux_2_17_aarch64.manylinux2014_aarch64.whl", hash = "sha256:86ec7a303b464fc6262a39f826f221e94d8ad70b78aedbb6e095ca04195a4d1a", size = 281694, upload-time = "2026-05-06T06:37:09.462Z" },
    { url = "https://files.pythonhosted.org/packages/5f/34/92fc4d1d2bd6130968da45678fc02eb2ebda67c129337a2ffad798dc0d6b/fastcrc-0.3.6-cp313-cp313t-manylinux_2_17_armv7l.manylinux2014_armv7l.whl", hash = "sha256:1173f1c622b3c0495c4ed944ce264503ea5e38d5a96cbfe2ee9966eac160e630", size = 287720, upload-time = "2026-05-06T06:37:26.473Z" },
    { url = "https://files.pythonhosted.org/packages/98/a5/f7f32af0dac0d90789d14d88f128ab0995ffae5e66a10f344d7e7781b9e9/fastcrc-0.3.6-cp313-cp313t-manylinux_2_17_ppc64le.manylinux2014_ppc64le.whl", hash = "sha256:d3880bc45eec8054936b610e5bdb8332d7978c481465cddbe5fc3329c5069bc9", size = 395367, upload-time = "2026-05-06T06:37:44.7Z" },
    { url = "https://files.pythonhosted.org/packages/1b/10/d056cd74b664a2e5cae054cac3d87341df4a799b6808ce90d80a79d63d99/fastcrc-0.3.6-cp313-cp313t-manylinux_2_17_s390x.manylinux2014_s390x.whl", hash = "sha256:5302b4d0c1881606e15f982d88b79068f169e7301168c66e508879387df0f090", size = 303313, upload-time = "2026-05-06T06:38:21.645Z" },
    { url = "https://files.pythonhosted.org/packages/51/c5/c63352b5e57eaa4fe4e4dda0979d2a42f9b56b9c85d9699b840f6dac764d/fastcrc-0.3.6-cp313-cp313t-manylinux_2_31_riscv64.whl", hash = "sha256:6445285a6d9a4a3adbe63ca771dd25c8ce555cc512c348864960c85e23c0094b", size = 286772, upload-time = "2026-05-06T06:38:04.168Z" },
    { url = "https://files.pythonhosted.org/packages/f2/31/74a65b5c62ba66ccd58f0c738ed846d0ad1fc95892a8adbe0ee88d9af7bc/fastcrc-0.3.6-cp313-cp313t-musllinux_1_2_aarch64.whl", hash = "sha256:9744a3d8b545bfff1787cf54ddfa50efa99eaae64b3f69e67c229c8302f1dd60", size = 457707, upload-time = "2026-05-06T06:39:10.265Z" },
    { url = "https://files.pythonhosted.org/packages/e0/b8/057ebfb9b43253c02d18538f012ca08208d587273880270b0ebd08ecd1e4/fastcrc-0.3.6-cp313-cp313t-musllinux_1_2_armv7l.whl", hash = "sha256:7f6ca43cc1d1111ae2ab6b47da5533e58a7fb05745e8ca0d328b44a90e5a16bd", size = 562573, upload-time = "2026-05-06T06:39:29.93Z" },
    { url = "https://files.pythonhosted.org/packages/33/7b/e6ed8fa07e8b79e47324642286faa3da9c65af3bee6b98dbe63b59733cbd/fastcrc-0.3.6-cp313-cp313t-musllinux_1_2_i686.whl", hash = "sha256:ac44a61c71bc85a1f4c189b70676c29fb65634dbc6739891c73191823613ac04", size = 518174, upload-time = "2026-05-06T06:39:48.029Z" },
    { url = "https://files.pythonhosted.org/packages/4e/27/3250380b5364b940f249a19d88d6da0478c26c38ec3f6ec6f292d87f3ac5/fastcrc-0.3.6-cp313-cp313t-musllinux_1_2_x86_64.whl", hash = "sha256:c04295c7f574122dd6b03973d89ebeea6bc7e504cf4446a25418ca8c07db0e45", size = 488032, upload-time = "2026-05-06T06:40:07.938Z" },
    { url = "https://files.pythonhosted.org/packages/54/32/8c15403edd6d51b457b37ee10dd7e0bc67013903e5504db1a6ec18714c91/fastcrc-0.3.6-cp314-cp314-macosx_10_12_x86_64.whl", hash = "sha256:30fdeed6327bf501cf8c42f690683bfb86f426cfbefe02eea37857364eb1b3f1", size = 251909, upload-time = "2026-05-06T06:39:03.713Z" },
    { url = "https://files.pythonhosted.org/packages/21/8c/65078e0b3dce7337a2bc8dc8e6f170d91f978236a099e84b0a4a90123783/fastcrc-0.3.6-cp314-cp314-macosx_11_0_arm64.whl", hash = "sha256:a51b4d77f4eee5802f559521c8dee04813435a53aa30ebf0f6dd534281784a8e", size = 250534, upload-time = "2026-05-06T06:38:58.664Z" },
    { url = "https://files.pythonhosted.org/packages/ac/98/c94da227618ad3a8d18a4d4c57f097a05672a83d2d768a01881d83dd44eb/fastcrc-0.3.6-cp314-cp314-manylinux_2_17_aarch64.manylinux2014_aarch64.whl", hash = "sha256:9f6d29b24ad19f5734a0a84dd5ea1238641ce976f15218f996e6ed96202879d4", size = 281738, upload-time = "2026-05-06T06:37:10.715Z" },
    { url = "https://files.pythonhosted.org/packages/70/5f/eb9305327055d62d9a0e8f9a6e5b3ba9db0d153af695a806726f56c5d895/fastcrc-0.3.6-cp314-cp314-manylinux_2_17_armv7l.manylinux2014_armv7l.whl", hash = "sha256:ac3683665fb3a27371908fe4b56f09babb63df638fee95fa057e8a1a2bb14922", size = 287910, upload-time = "2026-05-06T06:37:27.587Z" },
    { url = "https://files.pythonhosted.org/packages/75/34/3e775f4b346f2333800aaa00f1fac25b86bceb806b5590a31eac43b55abf/fastcrc-0.3.6-cp314-cp314-manylinux_2_17_ppc64le.manylinux2014_ppc64le.whl", hash = "sha256:04f5d74447cad11b01597ae59d53089e3631ff7600c0934131958d85a849d095", size = 392527, upload-time = "2026-05-06T06:37:45.935Z" },
    { url = "https://files.pythonhosted.org/packages/cc/69/49f76905a56b80b08890ed8469bd67a3e9895bdc7bdd3894a11c023c9a56/fastcrc-0.3.6-cp314-cp314-manylinux_2_17_s390x.manylinux2014_s390x.whl", hash = "sha256:d64bd7f422405d4d59a771ef26c32beb136948846460048ec89972de9e2d9efd", size = 303317, upload-time = "2026-05-06T06:38:23.156Z" },
    { url = "https://files.pythonhosted.org/packages/36/40/24e0af95dc721ea667f680c3f818524a5959dcf7d4181102cd905e4db8b7/fastcrc-0.3.6-cp314-cp314-manylinux_2_17_x86_64.manylinux2014_x86_64.whl", hash = "sha256:a71bc52c24cd61178c8c622f7863cef66e0b7bb4338a1ce826cee0e73b989e4a", size = 282987, upload-time = "2026-05-06T06:38:49.117Z" },
    { url = "https://files.pythonhosted.org/packages/92/0b/6b34b8c17007f208a50845a00683c63c46e3d14868d9be114cdf2e850a8d/fastcrc-0.3.6-cp314-cp314-manylinux_2_31_riscv64.whl", hash = "sha256:d61cdc983d6879d4953e71067c646603a4e5863e15418c82c15f5dce5f54d98c", size = 286778, upload-time = "2026-05-06T06:38:05.752Z" },
    { url = "https://files.pythonhosted.org/packages/58/3f/e127a93f59dcb7f720475d508c081ae4e8a1d1c55c59a18c18cf068b1882/fastcrc-0.3.6-cp314-cp314-manylinux_2_5_i686.manylinux1_i686.whl", hash = "sha256:2d0e9885d78dcf9e7a055c77c8806bbe07623090a0d49914b65f16e955c6726a", size = 298430, upload-time = "2026-05-06T06:38:39.35Z" },
    { url = "https://files.pythonhosted.org/packages/9c/0d/e630a36072e8c8ecc4e01df178cab13520593d5b2ef43ce371613173e2ba/fastcrc-0.3.6-cp314-cp314-musllinux_1_2_aarch64.whl", hash = "sha256:6c2dfcb88cf3a5df1f8f7575035ef3d32a5458e8f3a19ffa3df6b8d9a720c171", size = 457691, upload-time = "2026-05-06T06:39:11.647Z" },
    { url = "https://files.pythonhosted.org/packages/3e/6a/f9d65cd0870b2889b7b1f91ba5e09342156a60d09b2561c6c0d5c0a70466/fastcrc-0.3.6-cp314-cp314-musllinux_1_2_armv7l.whl", hash = "sha256:2ff6e8490c217324a52daa622aad6c4040cc575efbee5f54042c5df8d5d9f158", size = 562800, upload-time = "2026-05-06T06:39:31.379Z" },
    { url = "https://files.pythonhosted.org/packages/ce/66/4521beac9b75abc8cd1f8198363951ad991663a402fd21e4e3dd5befc248/fastcrc-0.3.6-cp314-cp314-musllinux_1_2_i686.whl", hash = "sha256:95ff420a55596f3fab07aa1ea5ca91b6af2d6642c709a37edf7ae0afe8500d10", size = 518324, upload-time = "2026-05-06T06:39:49.634Z" },
    { url = "https://files.pythonhosted.org/packages/06/c0/f8fe0833dac9f3943959c68d38076d5cc0588b60c915b8d6670f96b06e00/fastcrc-0.3.6-cp314-cp314-musllinux_1_2_x86_64.whl", hash = "sha256:efcebad6d4bde2039434e43e145bc2c3fd6cde99c77548ff0af593eda3753f5a", size = 487637, upload-time = "2026-05-06T06:40:09.286Z" },
    { url = "https://files.pythonhosted.org/packages/e0/c8/a1ac74b3b242d166f376007b72b5a7405914eda1bf10275f6d1ce4c35a08/fastcrc-0.3.6-cp314-cp314-win32.whl", hash = "sha256:0f3e6241db9de01a69c966302a57b53eee4bbfd943faed1f6dbfce5434af0b44", size = 141588, upload-time = "2026-05-06T06:40:28.881Z" },
    { url = "https://files.pythonhosted.org/packages/92/21/810b272aa71ad0b01ad8327aa6213af544eb828c4f3be44087cd519e5a90/fastcrc-0.3.6-cp314-cp314-win_amd64.whl", hash = "sha256:d2cb41840752165431cb0f35e15ecabcfd564e0100ce0abe1380eb4f8a813f84", size = 149546, upload-time = "2026-05-06T06:40:27.707Z" },
    { url = "https://files.pythonhosted.org/packages/f3/8f/d5e223a39daca4024a02e50cfe1c40b73e35e5b5d313441951cd39eacb62/fastcrc-0.3.6-cp314-cp314t-manylinux_2_17_aarch64.manylinux2014_aarch64.whl", hash = "sha256:d5632c4c3daaf2f06aa6240d7f5966fec12d69d12f57cb363e4f530ddbcbc25e", size = 281518, upload-time = "2026-05-06T06:37:12.179Z" },
    { url = "https://files.pythonhosted.org/packages/41/d0/75a916e402cb176f85bbab0a33b2f29b771ae04b6b817d5bb52dd2099169/fastcrc-0.3.6-cp314-cp314t-manylinux_2_17_armv7l.manylinux2014_armv7l.whl", hash = "sha256:4f601e2f5bf72faffca061813371fb65c4002101864baf1e345282cf0f246d23", size = 287587, upload-time = "2026-05-06T06:37:28.995Z" },
    { url = "https://files.pythonhosted.org/packages/1f/82/50f97bf6d686004b37cc745999f9a668c64b1274e093f9fa8e7ae030fc9a/fastcrc-0.3.6-cp314-cp314t-manylinux_2_17_ppc64le.manylinux2014_ppc64le.whl", hash = "sha256:f6e74f472e48f29b4ccbace734bffa5ce567fef4cde14983bcad46afeef2e434", size = 395966, upload-time = "2026-05-06T06:37:47.667Z" },
    { url = "https://files.pythonhosted.org/packages/02/e4/f1cb7976caef0f12e5773aee694861bd132926080010ddcc8c8156e6f1c6/fastcrc-0.3.6-cp314-cp314t-manylinux_2_17_s390x.manylinux2014_s390x.whl", hash = "sha256:4822072117080f0673728882b1c73d282380ddf727e3ad9d4981a868a0d289f5", size = 303244, upload-time = "2026-05-06T06:38:24.464Z" },
    { url = "https://files.pythonhosted.org/packages/9b/c9/31170cd6025ab2f0ca48daa41f224c29bb1303a2bcdad128c69085d85338/fastcrc-0.3.6-cp314-cp314t-manylinux_2_31_riscv64.whl", hash = "sha256:b7245e09a0910287083ee40c09dcaff0bc4745573b85ea03d3bb922dace903a3", size = 286447, upload-time = "2026-05-06T06:38:06.924Z" },
    { url = "https://files.pythonhosted.org/packages/f0/e4/b008161ace86beb90450b6ee3581f10addb911232d87ced33e1e7d790408/fastcrc-0.3.6-cp314-cp314t-musllinux_1_2_aarch64.whl", hash = "sha256:4641228c3ce8bb915ae7f1b6e82dc282a6506d3b50bd5b9af9642a2511c8fbfa", size = 457527, upload-time = "2026-05-06T06:39:12.993Z" },
    { url = "https://files.pythonhosted.org/packages/82/09/eb32e7f83354ed75f0236449294901fc13e45091b2363d7d8b22d5041217/fastcrc-0.3.6-cp314-cp314t-musllinux_1_2_armv7l.whl", hash = "sha256:c4f0bcfa5b19307b2282d650ec5ab69f525632485c2be3d73b6f241e418c39b5", size = 562536, upload-time = "2026-05-06T06:39:32.757Z" },
    { url = "https://files.pythonhosted.org/packages/71/2b/58be21f3898181f965cc83aebdee374a3bafcebfd9c959642618e89d203c/fastcrc-0.3.6-cp314-cp314t-musllinux_1_2_i686.whl", hash = "sha256:c5d61a03733f67f46d16c997fd25935809993d5718c0e19e815d5fedc6b1bca1", size = 518167, upload-time = "2026-05-06T06:39:51.352Z" },
    { url = "https://files.pythonhosted.org/packages/ef/07/64b64020bb0346c190c7ae9c381fb5a0f9b6bda2d4a7d8d65d739c118439/fastcrc-0.3.6-cp314-cp314t-musllinux_1_2_x86_64.whl", hash = "sha256:a663bad3ec57fce7ad0ffa4596e174247c59f20d02a105b630948baed149d387", size = 487656, upload-time = "2026-05-06T06:40:10.609Z" },
]

[[package]]
name = "lxml"
version = "6.1.2"
source = { registry = "https://pypi.org/simple" }
sdist = { url = "https://files.pythonhosted.org/packages/ad/a9/970b8fa0ecc4fbf1dfaed0d89bbc1fc1421b25ec26a2038c91e872dc6c8e/lxml-6.1.2.tar.gz", hash = "sha256:1055241852f2b02068af4a625a5d32c087db193c12251928af2562ecd2239f18", size = 4210626, upload-time = "2026-08-19T04:58:15.341Z" }
wheels = [
    { url = "https://files.pythonhosted.org/packages/61/2a/e9651f47a31a60b5cae031abc23391ed9aa30c8fc07571d1a38f58d6d770/lxml-6.1.2-cp313-cp313-macosx_10_13_universal2.whl", hash = "sha256:351318f5c0eb7fcab5b4fdb507c6f88fb2c4b5e67784c7e5911448c91fffb5d4", size = 8590165, upload-time = "2026-08-19T04:58:40.489Z" },
    { url = "https://files.pythonhosted.org/packages/61/87/a8098abaf35118767d1703b84c98940a5d833064e0eca39a00ecfe9840ab/lxml-6.1.2-cp313-cp313-macosx_10_13_x86_64.whl", hash = "sha256:c0edde95e4b4278dcc0175eda06dc8aa2631ad9f83ae5dbdbc4f0925e200b0b0", size = 4632474, upload-time = "2026-08-19T04:58:47.465Z" },
    { url = "https://files.pythonhosted.org/packages/93/cc/fe74d1def7f4fb967c4a825608a074d4dbdbb871b0d6bd59c6ed07d67868/lxml-6.1.2-cp313-cp313-manylinux2014_aarch64.manylinux_2_17_aarch64.whl", hash = "sha256:a8326e24ae6c3a6bfb03fa8b4793f9a5d804c125228aa067f652b0428e31b87c", size = 4936196, upload-time = "2026-08-19T04:59:03.477Z" },
    { url = "https://files.pythonhosted.org/packages/b7/ad/b96e6ca926e26726a99aa643602aac7411ecc1731ddb1b25af8cc57edfcd/lxml-6.1.2-cp313-cp313-manylinux2014_x86_64.manylinux_2_17_x86_64.whl", hash = "sha256:7c534ed898413f439b048130011e99a4245ee13d62d431f6b4f7f2484d02a93a", size = 5093290, upload-time = "2026-08-19T04:59:17.498Z" },
    { url = "https://files.pythonhosted.org/packages/d2/84/616f5d3b7cd086fcfba3e5add6fccda67f976c1c753ae9ed7bbd317cb9be/lxml-6.1.2-cp313-cp313-manylinux_2_26_aarch64.manylinux_2_28_aarch64.whl", hash = "sha256:2e37fe49fe2d5aa40a2cb1cc8176673ad7de0d124e6f4a509d9318f5979c7871", size = 4998767, upload-time = "2026-08-19T04:59:28.385Z" },
    { url = "https://files.pythonhosted.org/packages/80/88/d5b453a8d083483c9442ad7f5ac5c560796022eb5c80d60b65d75e449236/lxml-6.1.2-cp313-cp313-manylinux_2_26_ppc64le.manylinux_2_28_ppc64le.whl", hash = "sha256:9b52ea73a37fc64aa3357ff8607801d46dd170506d3cf8253a91a1d91639d4f9", size = 5626717, upload-time = "2026-08-19T04:59:40.045Z" },
    { url = "https://files.pythonhosted.org/packages/71/45/31e5aa4d4bae024908ba1d03480c7425cf027a28b7e5c88d1b7202bd80cc/lxml-6.1.2-cp313-cp313-manylinux_2_26_x86_64.manylinux_2_28_x86_64.whl", hash = "sha256:e8b9a92652e75e7731309ea51db5dee892eef414ce70a6ec3441e5d36bf5189f", size = 5232330, upload-time = "2026-08-19T04:59:46.175Z" },
    { url = "https://files.pythonhosted.org/packages/f5/5a/2627912420df8b2d31ba3014da5539f15ec85add01d42048864ffefda516/lxml-6.1.2-cp313-cp313-manylinux_2_28_i686.whl", hash = "sha256:9088da25ecd609965f838d89fda0465a905b48f4dd90331db9845518f2177372", size = 5347054, upload-time = "2026-08-19T04:59:52.762Z" },
    { url = "https://files.pythonhosted.org/packages/16/86/54ac0f529b22a8f12313726dd49e12961bb46471d9028cc28d2a29408f0b/lxml-6.1.2-cp313-cp313-manylinux_2_31_armv7l.whl", hash = "sha256:0349321a0537d4fdbebb2af06dd1b64676132c72e2ae250de8cdb58f8c43019c", size = 4707275, upload-time = "2026-08-19T05:00:04.836Z" },
    { url = "https://files.pythonhosted.org/packages/3a/42/ffcdc6e4519be90df907cdae7e88409efb25d823ae4de8846f737dae1884/lxml-6.1.2-cp313-cp313-manylinux_2_38_riscv64.manylinux_2_39_riscv64.whl", hash = "sha256:b20440e578d269c5e8a722ab602ddd0f0cedb8b080006b3f936da9991a593d3b", size = 5240071, upload-time = "2026-08-19T05:00:19.604Z" },
    { url = "https://files.pythonhosted.org/packages/68/49/5b1d7ab35f013f1127ec48f3108319f58b65b00d5cb26f215adbe86eadfb/lxml-6.1.2-cp313-cp313-musllinux_1_2_aarch64.whl", hash = "sha256:7766e525282dd38fd89567311323e441996eb958e8e816d16b38f782e3aecd2a", size = 5050356, upload-time = "2026-08-19T05:00:27.968Z" },
    { url = "https://files.pythonhosted.org/packages/b0/57/1cf049d054189b55c8fe8012269234f6602256949b69cd3ba80608a88219/lxml-6.1.2-cp313-cp313-musllinux_1_2_armv7l.whl", hash = "sha256:9221442682c27417f10fe11184ea4cce174b25ab52465570b1f3ee3f85f320fa", size = 4780394, upload-time = "2026-08-19T05:00:39.047Z" },
    { url = "https://files.pythonhosted.org/packages/d5/ad/064488a8fa60e639fd773e421a18bf17541d02a95fbf36238ad7c65f69d4/lxml-6.1.2-cp313-cp313-musllinux_1_2_ppc64le.whl", hash = "sha256:75530642d8471327e691ab9b0513a5f9c77f38871014ceda40f51bb51765c0a1", size = 5645854, upload-time = "2026-08-19T05:03:42.697Z" },
    { url = "https://files.pythonhosted.org/packages/85/bb/120e56f3cf1c149bb3b014278fb86d0a6dd552403981081f0ee0a0a57be7/lxml-6.1.2-cp313-cp313-musllinux_1_2_riscv64.whl", hash = "sha256:678e35f1cbca98f55107511ee21a60568535c950f3c2371819bd64504c980d20", size = 5231132, upload-time = "2026-08-19T05:03:45.466Z" },
    { url = "https://files.pythonhosted.org/packages/b1/2c/7d49aab893c128671a3276580074cce4c002896145b8dd2893da79633bca/lxml-6.1.2-cp313-cp313-musllinux_1_2_x86_64.whl", hash = "sha256:5c2bae42b3a09f977330a08f4a8fe72aec58c4bdb89069d3fe7272a71d885881", size = 5256076, upload-time = "2026-08-19T05:03:48.092Z" },
    { url = "https://files.pythonhosted.org/packages/72/28/ddea3aa1fa9acfd384fe34d4a2a93eecc07541dd2d922fa9b140c60d8014/lxml-6.1.2-cp313-cp313-win32.whl", hash = "sha256:5848f3de6a8de8a93cff9f068134393ff5fa69ac2a04399f7d49cd67c61c348c", size = 3602177, upload-time = "2026-08-19T05:03:50.571Z" },
    { url = "https://files.pythonhosted.org/packages/1b/7a/96bac167538748cae2544335855f812fa33e49a9a67bc8b8520dcbd592bd/lxml-6.1.2-cp313-cp313-win_amd64.whl", hash = "sha256:6cb0c87421946030b92b558be416852780a912454e3dcba0998e4497c9c588d5", size = 4004117, upload-time = "2026-08-19T05:03:53.074Z" },
    { url = "https://files.pythonhosted.org/packages/0a/24/9498fa3c84135956e5ef55ea4d8bd11e999e381f7f210fb6f8c6a980ef03/lxml-6.1.2-cp313-cp313-win_arm64.whl", hash = "sha256:648861c19b775b89ebefa14586f85090b10163367476d77f242c4131c835ce73", size = 3665412, upload-time = "2026-08-19T05:03:55.621Z" },
    { url = "https://files.pythonhosted.org/packages/27/b5/728b0578791b397ace8d1b101c8b3fe10f36043542f7bb85f82d8bdc3f50/lxml-6.1.2-cp314-cp314-macosx_10_15_universal2.whl", hash = "sha256:d50a44113fe6800dcc8a859332b823a4735b1e6ae1b0063882e4cca569ec3e29", size = 8609651, upload-time = "2026-08-19T04:58:42.42Z" },
    { url = "https://files.pythonhosted.org/packages/3c/6b/49209fa6225c15c48a30061f03d3aba75e3c19634813b88bf83b88c525ed/lxml-6.1.2-cp314-cp314-macosx_10_15_x86_64.whl", hash = "sha256:fa813b0247d0543a563b993ac3dba6168eef59e3a61448432cf5453300c2412b", size = 4639588, upload-time = "2026-08-19T04:59:01.501Z" },
    { url = "https://files.pythonhosted.org/packages/20/86/80bae4e8bc2eed9d6f017701a3d86fdea56936218efa738911d0b76aa7f4/lxml-6.1.2-cp314-cp314-manylinux2014_aarch64.manylinux_2_17_aarch64.whl", hash = "sha256:d858e718b94033ab4b67e4a58fe3114c65bae01ae2314a62fb39ae8897ed4324", size = 4964846, upload-time = "2026-08-19T04:59:08.59Z" },
    { url = "https://files.pythonhosted.org/packages/70/ce/4782caee7a22959c1ac67cb46495e03912c22a4ba7d20c163496a519e815/lxml-6.1.2-cp314-cp314-manylinux2014_x86_64.manylinux_2_17_x86_64.whl", hash = "sha256:3e3b666f57a5d81562f38c766c762416b0f6eb58a00590546911514b48412abd", size = 5099288, upload-time = "2026-08-19T04:59:18.649Z" },
    { url = "https://files.pythonhosted.org/packages/32/21/f120967cc43b54e05512dff0c39726b832c836195d30f41f88733ef36ac8/lxml-6.1.2-cp314-cp314-manylinux_2_26_aarch64.manylinux_2_28_aarch64.whl", hash = "sha256:26ff164c6629e5c4d11c9e55d5ea3d6eed0be2a420eee1f55cbce6e2c23e231a", size = 5036837, upload-time = "2026-08-19T04:59:47.217Z" },
    { url = "https://files.pythonhosted.org/packages/61/ba/8005e9f47598e3ec5c18312c77f94e889580027616678848405c6aeba5de/lxml-6.1.2-cp314-cp314-manylinux_2_26_ppc64le.manylinux_2_28_ppc64le.whl", hash = "sha256:962c12b51d0b164f12569af225dea57568477e24a845b96eaccbef6c07e4cc03", size = 5658569, upload-time = "2026-08-19T04:59:54.078Z" },
    { url = "https://files.pythonhosted.org/packages/6a/ba/add33b3c7ce51462cf7a4637bcfec2eaa258364d6015b989dd7d1216e6a6/lxml-6.1.2-cp314-cp314-manylinux_2_26_x86_64.manylinux_2_28_x86_64.whl", hash = "sha256:47e367dfe341521426692819803e260d0673899c0ff611f14af978d725e2c999", size = 5246003, upload-time = "2026-08-19T04:59:59.764Z" },
    { url = "https://files.pythonhosted.org/packages/05/b3/a43012748fb861c914c5eac1c1a3bad44282e767499cd02280d4d1edf092/lxml-6.1.2-cp314-cp314-manylinux_2_28_i686.whl", hash = "sha256:92c2b366028ac01e90399e6d17734ce6e4f4aeddd8ba75fbaf80ea11d6c6d645", size = 5354047, upload-time = "2026-08-19T05:00:21.657Z" },
    { url = "https://files.pythonhosted.org/packages/8b/cb/813021d9a445713b8d758b9e5eae2ed392cd598d9f119d9b053b37c2ab93/lxml-6.1.2-cp314-cp314-manylinux_2_31_armv7l.whl", hash = "sha256:7e81fc065ede5d58dd0bf0912025aee1bd04c52c2affd61fdb93226a97ce2fc6", size = 4704382, upload-time = "2026-08-19T05:00:47.067Z" },
    { url = "https://files.pythonhosted.org/packages/17/c9/1155299f4577bebf3c280497534a73e4b8ad8cab3b96074731ad10949d4e/lxml-6.1.2-cp314-cp314-manylinux_2_38_riscv64.manylinux_2_39_riscv64.whl", hash = "sha256:633ac039cb32366dd5935868e041e385875c017b8cd54ea56aeee3fe29ca5935", size = 5258530, upload-time = "2026-08-19T05:01:14.893Z" },
    { url = "https://files.pythonhosted.org/packages/25/6e/d76e58384b378b877e140e25b9a9835da00035f81ff70cbe943a3749bf27/lxml-6.1.2-cp314-cp314-musllinux_1_2_aarch64.whl", hash = "sha256:2f3194777c0d05945ac91d8594be25d2679d1d826e01e1fc90bae568ff3a547b", size = 5089919, upload-time = "2026-08-19T05:01:33.602Z" },
    { url = "https://files.pythonhosted.org/packages/f3/b7/898013c0f8891481d0624ab3bd5dd8c8ff827232dfee2a5d1f8bf970a7cc/lxml-6.1.2-cp314-cp314-musllinux_1_2_armv7l.whl", hash = "sha256:1133bd969f2bfcc6b0c0cf7cdf5f2631e62b23fa2471ee8bd44f6ab73554ee9a", size = 4741972, upload-time = "2026-08-19T05:01:38.18Z" },
    { url = "https://files.pythonhosted.org/packages/c3/47/efb53c4d7b655831c03317a450d9da439b0829c61f34d9d4fe7c863445d6/lxml-6.1.2-cp314-cp314-musllinux_1_2_ppc64le.whl", hash = "sha256:1edca8f4a92b94e873093df959f141d388f2141fcad0c47598442fb4730ef57a", size = 5683241, upload-time = "2026-08-19T05:02:00.731Z" },
    { url = "https://files.pythonhosted.org/packages/da/0a/0ff36a584cbba14a71326ee8a5300694400f0b97927d1f90a87d95b17d4a/lxml-6.1.2-cp314-cp314-musllinux_1_2_riscv64.whl", hash = "sha256:8512b3775d68994dd1d6d533161e0a214f2ad9c634659d34a99c98e86c6c3d68", size = 5245892, upload-time = "2026-08-19T05:02:06.108Z" },
    { url = "https://files.pythonhosted.org/packages/8f/9e/303717a1aa56d4bd775c91936717d3c9e8d999a8e8b68b00979c4c1f93d0/lxml-6.1.2-cp314-cp314-musllinux_1_2_x86_64.whl", hash = "sha256:a5005c0c9e4d749a76a2ff8bd5918a8bb248df8e08e73a55654b9f79c9cd1e2b", size = 5269528, upload-time = "2026-08-19T05:02:09.883Z" },
    { url = "https://files.pythonhosted.org/packages/ad/c2/2ae7cb97089eb86bf0689516db3cf280a007b6145853d2a0235a1f01683d/lxml-6.1.2-cp314-cp314-win32.whl", hash = "sha256:e17e2c30e27f56da5551e7a425888b45f013e940b99ab07d125a1c33f77a4605", size = 3662743, upload-time = "2026-08-19T05:03:02.513Z" },
    { url = "https://files.pythonhosted.org/packages/77/13/a3d483230a09201e211ceb1aa208b1374d27d23b8b180d74dba14b30f6b3/lxml-6.1.2-cp314-cp314-win_amd64.whl", hash = "sha256:87e9673cd8a3445024fe38e7f91b55fa3428437eec9b7a7ff7d81979520c0d2d", size = 4073942, upload-time = "2026-08-19T05:03:04.864Z" },
    { url = "https://files.pythonhosted.org/packages/1c/f1/c1445d4b6ad7c51e39d4e2ebbf015a4880f5b297a4ab0e77e4d0e5b70110/lxml-6.1.2-cp314-cp314-win_arm64.whl", hash = "sha256:878e7c8ada8f92c52f13f35a2ab98ef0adf7fd0211d164fc2af589e4c3cfed63", size = 3749235, upload-time = "2026-08-19T05:03:07.239Z" },
    { url = "https://files.pythonhosted.org/packages/9d/eb/598c76f4ce19a67c635e86a46d880cc854f308f39a6f1fdf13bbb01813ec/lxml-6.1.2-cp314-cp314t-macosx_10_15_universal2.whl", hash = "sha256:94162456ed0a64fb1c06915df5bd06af4675ae3966d6048fcb73b0906e0e0222", size = 8860315, upload-time = "2026-08-19T05:02:14.39Z" },
    { url = "https://files.pythonhosted.org/packages/da/c7/1f9fac7b566a86ad0da13dcc0259164266469c0ad86744c740ccd5c2a081/lxml-6.1.2-cp314-cp314t-macosx_10_15_x86_64.whl", hash = "sha256:4b0fa7109b1d0bc1747d8241a0853e135eefb1c978685241b544c46937383efd", size = 4755176, upload-time = "2026-08-19T05:02:18.705Z" },
    { url = "https://files.pythonhosted.org/packages/3e/1b/cfda9307388d496e7eeb7493d9455896b8137ed95f51f3d6ae6ddcc14a47/lxml-6.1.2-cp314-cp314t-manylinux2014_aarch64.manylinux_2_17_aarch64.whl", hash = "sha256:604f4778632588d7c000e7e19430639dc12fca58b5b6e99edffba7631725ef0e", size = 4979444, upload-time = "2026-08-19T05:02:21.262Z" },
    { url = "https://files.pythonhosted.org/packages/e5/71/f732c8919c45b7f29acf443288c6e90036877a67bfeeb1acceb0fffa011b/lxml-6.1.2-cp314-cp314t-manylinux2014_x86_64.manylinux_2_17_x86_64.whl", hash = "sha256:5a096d6a5f96b776a5b020cb45c17c545effd2a3b6639e6fa97bc95537600923", size = 5115887, upload-time = "2026-08-19T05:02:23.62Z" },
    { url = "https://files.pythonhosted.org/packages/30/00/121d52b944f41e33ea86c62875f902d24982842dc7231ab154ac5a6c6593/lxml-6.1.2-cp314-cp314t-manylinux_2_26_aarch64.manylinux_2_28_aarch64.whl", hash = "sha256:6454d184d556eaf4cb3d6f69e405d21602d6fdcf08b8d57796824275986c6595", size = 5032418, upload-time = "2026-08-19T05:02:26.114Z" },
    { url = "https://files.pythonhosted.org/packages/70/19/cadb73c7fe48c7563dc8ab62ea53d5b920c8911bfb808507a6daa82e78d2/lxml-6.1.2-cp314-cp314t-manylinux_2_26_ppc64le.manylinux_2_28_ppc64le.whl", hash = "sha256:8b68f2548259bb04e0b3d5df0c397abe8b0080f5e1ffe4019fb7a8bf01a9339e", size = 5603304, upload-time = "2026-08-19T05:02:28.694Z" },
    { url = "https://files.pythonhosted.org/packages/13/32/9de126a14d5a5db8c371c5ec869178417db226707b62a47273a95ae6df7f/lxml-6.1.2-cp314-cp314t-manylinux_2_26_x86_64.manylinux_2_28_x86_64.whl", hash = "sha256:6c9cc4b6532abe154dbdebb42aaba8d52c852919591e45067f5b7d46a0405e88", size = 5228938, upload-time = "2026-08-19T05:02:30.99Z" },
    { url = "https://files.pythonhosted.org/packages/ff/9b/22dd9e843629ed04652591fb220eb2bf2394d97be3be377d60d8083405d7/lxml-6.1.2-cp314-cp314t-manylinux_2_28_i686.whl", hash = "sha256:57188e441ab24f906bd5a5c14eb55363ab51aa6c0de549f3dd320043721cc118", size = 5317790, upload-time = "2026-08-19T05:02:33.301Z" },
    { url = "https://files.pythonhosted.org/packages/2c/2c/b12a1dc121f81c280635c721c7bcaa341441fcbe37397f60b8915048aece/lxml-6.1.2-cp314-cp314t-manylinux_2_31_armv7l.whl", hash = "sha256:d0bfd719c254bbe60ea022cff0e6ffb799a6fa7d4d72852cebe0257957b32d68", size = 4646468, upload-time = "2026-08-19T05:02:35.504Z" },
    { url = "https://files.pythonhosted.org/packages/57/41/fd87a41edc531e7969c25ab1d6b52b5b041eb108b88f6394d6afb4374396/lxml-6.1.2-cp314-cp314t-manylinux_2_38_riscv64.manylinux_2_39_riscv64.whl", hash = "sha256:be6f87cd224254a8f81324e34cc655508b83f1d70458a1a39857ad2aa9925852", size = 5240607, upload-time = "2026-08-19T05:02:37.805Z" },
    { url = "https://files.pythonhosted.org/packages/6e/30/713ba813b6e6673c6dc34733746516017efcd17949b767b154cc50bccf20/lxml-6.1.2-cp314-cp314t-musllinux_1_2_aarch64.whl", hash = "sha256:074a88f70a7360a4a0c5be5d898062cd26f898c25b459efb1bdd43ae700c5a1a", size = 5086495, upload-time = "2026-08-19T05:02:40.099Z" },
    { url = "https://files.pythonhosted.org/packages/33/f8/6532ce0fecd9c326d06b08274ee075cc28dbc9f5e9285355db8504689114/lxml-6.1.2-cp314-cp314t-musllinux_1_2_armv7l.whl", hash = "sha256:9031f5f01452681abf39fdd65f84a70cb01a7572a1bbf570042e826b1232d07b", size = 4758801, upload-time = "2026-08-19T05:02:45.434Z" },
    { url = "https://files.pythonhosted.org/packages/74/b6/5a1f7833ebaa0dd33c28f6f9755ec6ff3891bf63f097634b44e6da1bb65e/lxml-6.1.2-cp314-cp314t-musllinux_1_2_ppc64le.whl", hash = "sha256:cfeac14425fc7a6fca7864b774d4ee63547926158f4a18c67d77b2c9a948acf1", size = 5626977, upload-time = "2026-08-19T05:02:48.092Z" },
    { url = "https://files.pythonhosted.org/packages/e6/20/6ae0fc1b45e20877cdcfb1168ceeaf9abb0fba5ed36bd639a260e7b2101e/lxml-6.1.2-cp314-cp314t-musllinux_1_2_riscv64.whl", hash = "sha256:8ec111ff8067325f85c08aa9c2b26179ec0537bb89c003fde31127139f85f82d", size = 5235036, upload-time = "2026-08-19T05:02:50.726Z" },
    { url = "https://files.pythonhosted.org/packages/47/b4/2bc7b37fbb990ccfb7d30393660741592177224a94e07d842c8da70638e8/lxml-6.1.2-cp314-cp314t-musllinux_1_2_x86_64.whl", hash = "sha256:48e912f37c99a297175ba955f55a47c0e1c834b506ef162e52a6e4fe276e6e45", size = 5252270, upload-time = "2026-08-19T05:02:53.454Z" },
    { url = "https://files.pythonhosted.org/packages/4d/0b/07fb8e1dee29a78e2c5fa5c6c914218be76a6406baff27907429566e90ec/lxml-6.1.2-cp314-cp314t-win32.whl", hash = "sha256:7c444c3a6e8e75334879980eed96568f0e12064c8b1913424eac1805e976736b", size = 3902666, upload-time = "2026-08-19T05:02:55.607Z" },
    { url = "https://files.pythonhosted.org/packages/58/ab/3371527bd9820aae6f511697c93032ed197b0d8dab0f17818f18d3099637/lxml-6.1.2-cp314-cp314t-win_amd64.whl", hash = "sha256:7f35ba7667004ecdafebbe08da7c9fa06ee6195275bb7ef7a29ee1901e69519c", size = 4401011, upload-time = "2026-08-19T05:02:57.899Z" },
    { url = "https://files.pythonhosted.org/packages/e6/bb/e6de9b2546a4e6df4fb52fb18921906a8b7a041aba06570995759a4d6d8b/lxml-6.1.2-cp314-cp314t-win_arm64.whl", hash = "sha256:d117f39b28ab8a330a74abdbe61c2255b51973b238db25fd6c2448de1eb2a02d", size = 3823384, upload-time = "2026-08-19T05:03:00.371Z" },
    { url = "https://files.pythonhosted.org/packages/0e/83/7ff98683e14a148191278728d11ba782c3d5137886d49fd95ab4036efa1b/lxml-6.1.2-cp315-cp315-macosx_10_15_universal2.whl", hash = "sha256:1e3c67b817867c484794d7fe0d73045d7d0c67460c78a0a1249a9e92266e6a0e", size = 8609183, upload-time = "2026-08-19T04:58:32.19Z" },
    { url = "https://files.pythonhosted.org/packages/24/39/c39f05e8240e98009dd3d4ceb248319d0f36467babc5f90a909ed0c5b68a/lxml-6.1.2-cp315-cp315-macosx_10_15_x86_64.whl", hash = "sha256:d3e97ac4353cca3fbbfa829bc0c6a913771573d1c6d46932d4335c46f2b7796a", size = 4639898, upload-time = "2026-08-19T04:58:39.017Z" },
    { url = "https://files.pythonhosted.org/packages/c5/bf/25e26b089510940a0777ab334357874569255e50930224c8159cd649e754/lxml-6.1.2-cp315-cp315-manylinux_2_26_aarch64.manylinux_2_28_aarch64.whl", hash = "sha256:827438bf6c8292d22a409bb7990d7cffce410f33e7664e46ca74d2ecc26975ef", size = 5037527, upload-time = "2026-08-19T04:58:46.224Z" },
    { url = "https://files.pythonhosted.org/packages/65/6d/aed3a58a3d662f7367a537fabe8c549f1446dbd043719e0ae8cd53f47819/lxml-6.1.2-cp315-cp315-manylinux_2_26_ppc64le.manylinux_2_28_ppc64le.whl", hash = "sha256:c470d192e27f97842a068cf12a1c1296b20ca716c56a9249715c6654bc192d19", size = 5661918, upload-time = "2026-08-19T04:59:02.534Z" },
    { url = "https://files.pythonhosted.org/packages/a5/ca/706d32b6957c0c2e005a9833e8fc528449196b38d5cfcf9e0fd86a96fb00/lxml-6.1.2-cp315-cp315-manylinux_2_26_x86_64.manylinux_2_28_x86_64.whl", hash = "sha256:ef0b8ba6e13597f681b2b4924ca9c4e8c88420bf0e21d9a9006c757f2fc39d1f", size = 5249359, upload-time = "2026-08-19T05:04:01.956Z" },
    { url = "https://files.pythonhosted.org/packages/ac/e9/445ff43f56fcffa06f6f3a7189920c216f3eacef68ef834d4111cdbd86ba/lxml-6.1.2-cp315-cp315-manylinux_2_31_armv7l.whl", hash = "sha256:65c32ddc5d0750129c7b119fb57d48192b76d334c21e6b690d19dfb06b34af79", size = 4704548, upload-time = "2026-08-19T05:04:04.57Z" },
    { url = "https://files.pythonhosted.org/packages/69/78/20b8b7e79a1b1d9cd4465c332d62962858562b446692f16a27068fa54b85/lxml-6.1.2-cp315-cp315-manylinux_2_38_riscv64.manylinux_2_39_riscv64.whl", hash = "sha256:0aa07065497f191ad26c4b587ce5dbb5a7105285a3789aafd0661750e8bac537", size = 5261170, upload-time = "2026-08-19T05:04:07.336Z" },
    { url = "https://files.pythonhosted.org/packages/54/ca/84a0e1148bf511e12e0d99732a4e136a3bf1b91622f0a1b197796e2ff984/lxml-6.1.2-cp315-cp315-musllinux_1_2_aarch64.whl", hash = "sha256:cde6b8db7d2e5135129eb5e74b7b44dd2053aa767cd5023541fccedddc262453", size = 5090576, upload-time = "2026-08-19T05:04:09.968Z" },
    { url = "https://files.pythonhosted.org/packages/6f/f8/1ef6fc7070bed8753315f2e4ea66bc0d37620e1444d014db7f0267b8faaf/lxml-6.1.2-cp315-cp315-musllinux_1_2_armv7l.whl", hash = "sha256:b28842b30c4bc2e6afe137d98a5d2071a62589471e76d053bea55b0e53298af9", size = 4744614, upload-time = "2026-08-19T05:04:12.717Z" },
    { url = "https://files.pythonhosted.org/packages/87/f6/3a4824cd1c1b81d996d2d75bbd176ba13fbe9b5d89489290d93ff9558486/lxml-6.1.2-cp315-cp315-musllinux_1_2_ppc64le.whl", hash = "sha256:11f529062255209a421ae4de5b1bb36b2f0a2e1a700745e675a4bf4084d13c00", size = 5685792, upload-time = "2026-08-19T05:04:15.367Z" },
    { url = "https://files.pythonhosted.org/packages/64/9a/f133bf16a67149e00ca5d8a8f1ae662c30a86c303aa242693b67f8e19856/lxml-6.1.2-cp315-cp315-musllinux_1_2_riscv64.whl", hash = "sha256:f8b89b3be75a37509602b03f9cfa1a28298d4eed4625748148307aeb907901b7", size = 5248972, upload-time = "2026-08-19T05:04:18.491Z" },
    { url = "https://files.pythonhosted.org/packages/50/63/273e7e8a73a5d183d8552dfdaa131dfda0292ddab7bcddc5a66a0ae525d8/lxml-6.1.2-cp315-cp315-musllinux_1_2_x86_64.whl", hash = "sha256:1a2331da06dd55a8184985306eb2afd72d708283ce7e85d67bba77317b785060", size = 5271809, upload-time = "2026-08-19T05:04:21.448Z" },
    { url = "https://files.pythonhosted.org/packages/49/eb/614117c36a28909e79ff7cdec87008f0bd996478f35cf72309189cf398b1/lxml-6.1.2-cp315-cp315-win32.whl", hash = "sha256:442766b326d9892585a64e8c6c4b5ab81d0e6c0538c9f0fc11a84dc101a5d97f", size = 3662854, upload-time = "2026-08-19T05:05:07.141Z" },
    { url = "https://files.pythonhosted.org/packages/5c/e9/06aee6107cf8e7b870f10f82539f366cba10dc6053144cca80e838caf8c8/lxml-6.1.2-cp315-cp315-win_amd64.whl", hash = "sha256:a7fd1dd6faa3df9dcd8f1765237362cd885ca62cdf77a7c5f5ea383ae5b6048b", size = 4074590, upload-time = "2026-08-19T05:05:09.697Z" },
    { url = "https://files.pythonhosted.org/packages/84/bf/dad9b6baf9b26d79584834e15cef2a5dd0a13c7b1df08831e8f18244b494/lxml-6.1.2-cp315-cp315-win_arm64.whl", hash = "sha256:054175250531a5fb102d485743ff16412279c93add12385b3b1c3d7b16d8deaa", size = 3749336, upload-time = "2026-08-19T05:05:12.334Z" },
    { url = "https://files.pythonhosted.org/packages/5f/9d/cd0c43d45e2eb52df7735c6558f24054ca633499191899b0cb9040fbbc3c/lxml-6.1.2-cp315-cp315t-macosx_10_15_universal2.whl", hash = "sha256:84a2a46b93b789d8acb44cfcb3d967ce9dbe29884ddb93fbb1a33f0e0c8fcd86", size = 8857688, upload-time = "2026-08-19T05:04:24.648Z" },
    { url = "https://files.pythonhosted.org/packages/0b/26/27093dc1a9edbdd8a54652f237a387f7e63ec0192efe708bc2576d8a1383/lxml-6.1.2-cp315-cp315t-macosx_10_15_x86_64.whl", hash = "sha256:4aced3284e0353c798b060fe2c175eb81410e99b9a7e2ae6951be5333732b111", size = 4754422, upload-time = "2026-08-19T05:04:27.645Z" },
    { url = "https://files.pythonhosted.org/packages/2c/ee/502f7c93507f57eb496744a64da8f4ca86855cf88e48d14584342f1bfd92/lxml-6.1.2-cp315-cp315t-manylinux_2_26_aarch64.manylinux_2_28_aarch64.whl", hash = "sha256:47c92dc5167de16e27ace8332454f12ba172dcab04f7a78a9eae14e2e41b6a41", size = 5033396, upload-time = "2026-08-19T05:04:30.054Z" },
    { url = "https://files.pythonhosted.org/packages/bf/72/c4cbbe72f951650f2afe43a70e51687e111d82b9bec46e3310ea76419d46/lxml-6.1.2-cp315-cp315t-manylinux_2_26_ppc64le.manylinux_2_28_ppc64le.whl", hash = "sha256:40366c23a938008a3bedfcfd80709b3a857c188b4d710b083e978ef5d2c1c715", size = 5615298, upload-time = "2026-08-19T05:04:32.752Z" },
    { url = "https://files.pythonhosted.org/packages/14/83/a3df966d6d7b6513e9dfb6fbfb041c0619642170359c1b36ab20a83e59eb/lxml-6.1.2-cp315-cp315t-manylinux_2_26_x86_64.manylinux_2_28_x86_64.whl", hash = "sha256:1c4c6dc1b2485aaa4adfb6ed754f90dddcb2b96a66bbebc9e1ac242b5ce5e818", size = 5236282, upload-time = "2026-08-19T05:04:35.762Z" },
    { url = "https://files.pythonhosted.org/packages/4f/85/8692ec8173c9f8d295735b9bf410d202317e7b3ed11141e80a30f421f409/lxml-6.1.2-cp315-cp315t-manylinux_2_31_armv7l.whl", hash = "sha256:3a698fad6f122a9b3e2dc2fb598c1de7329c74a67c7a334c9109a440de2508e5", size = 4650647, upload-time = "2026-08-19T05:04:38.396Z" },
    { url = "https://files.pythonhosted.org/packages/11/e7/dbe3cece28a5bf82997a091d9dbb0fc49e725a5fa86550897ee2cf6412e6/lxml-6.1.2-cp315-cp315t-manylinux_2_38_riscv64.manylinux_2_39_riscv64.whl", hash = "sha256:14879fa5eb2b793c040bbfcb62011aa3015c65d6c9875e063ea98ce2029d51fb", size = 5243387, upload-time = "2026-08-19T05:04:41.247Z" },
    { url = "https://files.pythonhosted.org/packages/99/a9/81a2d27640db0d27200b2f32339a54e74c36d58feb5ad528b87d52a59ecc/lxml-6.1.2-cp315-cp315t-musllinux_1_2_aarch64.whl", hash = "sha256:b631174cd2e4d9f8a94ef17f911c6ded10ede93b5e7860dee7bbf85961d321e9", size = 5092624, upload-time = "2026-08-19T05:04:43.919Z" },
    { url = "https://files.pythonhosted.org/packages/cb/f4/0b0304c70c087f618d95b0306738b070bd556afd09c2c92589b78dbe5eb0/lxml-6.1.2-cp315-cp315t-musllinux_1_2_armv7l.whl", hash = "sha256:ceafa5e0536c62a5cd9f65327fa0b57d6f0b0e3435daf2c98a78d0dde7ecbae1", size = 4758742, upload-time = "2026-08-19T05:04:46.615Z" },
    { url = "https://files.pythonhosted.org/packages/a2/ec/f9fc45f1d01b632b673e11880e75292dff9953db9f426d1a38201b8eb5f5/lxml-6.1.2-cp315-cp315t-musllinux_1_2_ppc64le.whl", hash = "sha256:7c482e87cc86bed78a50462560675bc2c348ef72c47596f9b933346d5a8e920e", size = 5649540, upload-time = "2026-08-19T05:04:49.777Z" },
    { url = "https://files.pythonhosted.org/packages/6a/0b/d65e0458c2bcce0df68d5cc29ad0006e76446f02d9e50caf188fd1fb8bae/lxml-6.1.2-cp315-cp315t-musllinux_1_2_riscv64.whl", hash = "sha256:b1c0d2dde8a50520efc51644587f0fc4810e3af7d3e029d7af0be93bf39e2b5c", size = 5234869, upload-time = "2026-08-19T05:04:52.972Z" },
    { url = "https://files.pythonhosted.org/packages/ee/62/1fee828238badd3bfe9544f5cc9ce6ded421ef38e9634030445dedd78b36/lxml-6.1.2-cp315-cp315t-musllinux_1_2_x86_64.whl", hash = "sha256:dd7ea3fa47154b9fff90591b961e41b3718bd7fcd5bc2d9bb47e9845c8ace088", size = 5259992, upload-time = "2026-08-19T05:04:56.028Z" },
    { url = "https://files.pythonhosted.org/packages/20/18/35fb14dd6baccbffa6daeb2369802f04a94e3f73db3c7bb405dbab009729/lxml-6.1.2-cp315-cp315t-win32.whl", hash = "sha256:87534cec6ea325435e4adf2326b0cf3110eee9a47abf73652eb155db639c08c6", size = 3901151, upload-time = "2026-08-19T05:04:58.671Z" },
    { url = "https://files.pythonhosted.org/packages/f0/b6/07530896ca062bc3d2f09d5cb8a48e799c05b12c496205db03159ba13b6c/lxml-6.1.2-cp315-cp315t-win_amd64.whl", hash = "sha256:4e220a9c297e5d36895d489a08c9a3f1f6193b6414e702c5fb751e4a3767f8d0", size = 4395355, upload-time = "2026-08-19T05:05:01.651Z" },
    { url = "https://files.pythonhosted.org/packages/31/a8/237d8de1d77085cfd41d0c6049a044d8d01886f3afb7f1eda2f43d900a96/lxml-6.1.2-cp315-cp315t-win_arm64.whl", hash = "sha256:f16a407766bac51c65d605b06d900821751a79aa20e12185f273f14a17180e7b", size = 3822823, upload-time = "2026-08-19T05:05:04.63Z" },
]

[[package]]
name = "pymavlink"
version = "2.4.49"
source = { registry = "https://pypi.org/simple" }
dependencies = [
    { name = "fastcrc" },
    { name = "lxml" },
]
sdist = { url = "https://files.pythonhosted.org/packages/21/a2/0a4ce323178f60f869e42a2ed3844bead7b685807674bef966a39661606e/pymavlink-2.4.49.tar.gz", hash = "sha256:d7cf10d5592d038a18aa972711177ebb88be2143efcc258df630b0513e9da2c2", size = 6172115, upload-time = "2025-08-01T23:33:10.372Z" }
wheels = [
    { url = "https://files.pythonhosted.org/packages/26/10/67756d987b1aefd991664ce0a996ee3bf69ed7aaf8c7319ff6012a4dc8a2/pymavlink-2.4.49-cp313-cp313-macosx_10_13_universal2.whl", hash = "sha256:f7cfaf3cc1abd611c0757d4b7e56eaf5b4cfa54510a3178b26ebbd9d3443b9d7", size = 6290269, upload-time = "2025-08-01T23:32:22.168Z" },
    { url = "https://files.pythonhosted.org/packages/c2/02/9e63467d65da78fed03981c86e5b7877fcf163a98372ba5ef03015e3798c/pymavlink-2.4.49-cp313-cp313-macosx_10_13_x86_64.whl", hash = "sha256:db9c0d00e79946ecf1ac89847f32712ef546994342f44b3e9a68e59cfbc85bef", size = 6225761, upload-time = "2025-08-01T23:32:23.419Z" },
    { url = "https://files.pythonhosted.org/packages/3b/7e/46a5512964043ada02914657610c885b083375dd169dea172870f4dd73b0/pymavlink-2.4.49-cp313-cp313-macosx_11_0_arm64.whl", hash = "sha256:37937d5dfd2ddc2a64ea64687380278ac9c49e1644ea125f1e8a5caf4e1f2ebd", size = 6222450, upload-time = "2025-08-01T23:32:24.803Z" },
    { url = "https://files.pythonhosted.org/packages/db/c6/1b63a8c4d35887edc979805b324240ff4b847e9d912b323d71613e8f1971/pymavlink-2.4.49-cp313-cp313-manylinux1_i686.manylinux_2_28_i686.manylinux_2_5_i686.whl", hash = "sha256:8100f2f1f53b094611531df2cfb25f1c8e8fdee01f095eb8ee18976994663cf6", size = 6368072, upload-time = "2025-08-01T23:32:26.068Z" },
    { url = "https://files.pythonhosted.org/packages/29/69/94348757424a94c5a3e87f41d4c05a168bc5de2549afdbea1d4424a318dc/pymavlink-2.4.49-cp313-cp313-manylinux2014_aarch64.manylinux_2_17_aarch64.manylinux_2_28_aarch64.whl", hash = "sha256:9d2db4b88f38aa1ba4c0653a8c5938364bfe78a008e8d02627534015142bf774", size = 6379869, upload-time = "2025-08-01T23:32:27.337Z" },
    { url = "https://files.pythonhosted.org/packages/91/a7/792925eadc046ae580ab444181a06e8d51d38204a81a9274460f90009b88/pymavlink-2.4.49-cp313-cp313-manylinux2014_x86_64.manylinux_2_17_x86_64.manylinux_2_28_x86_64.whl", hash = "sha256:f7fe9286fd5b2db05277d30d1ea6b9b3a9ea010a99aff04d451705cc4be6a7e6", size = 6382786, upload-time = "2025-08-01T23:32:28.518Z" },
    { url = "https://files.pythonhosted.org/packages/b9/71/d7b1d280dda800ac386fd54dcded6344b518a8266a918729512e46e39f6b/pymavlink-2.4.49-cp313-cp313-musllinux_1_2_aarch64.whl", hash = "sha256:d49309e00d4d434f2e414c166b18ef18496987a13a613864f89a19ca190ef0d0", size = 6368732, upload-time = "2025-08-01T23:32:29.794Z" },
    { url = "https://files.pythonhosted.org/packages/23/89/b75ef8eea1e31ec07f13fe71883b08cdc2bce0c33418218cebb03e55124a/pymavlink-2.4.49-cp313-cp313-musllinux_1_2_i686.whl", hash = "sha256:7104eef554b01d6c180e1a532dc494c4b1d74e48b0b725328ec39f042982e172", size = 6370950, upload-time = "2025-08-01T23:32:31.041Z" },
    { url = "https://files.pythonhosted.org/packages/f6/57/3cb77e3f593e27dc63bd74357b3c3b57075af74771c4446275097f0865f2/pymavlink-2.4.49-cp313-cp313-musllinux_1_2_x86_64.whl", hash = "sha256:795e6628f9ecf0b06e3b7b65f8fcf477ec1603971d590cffd4640cff1852da23", size = 6376423, upload-time = "2025-08-01T23:32:32.345Z" },
    { url = "https://files.pythonhosted.org/packages/41/bb/49b83c6d212751c88a29cebe413c940ee1d0b7991a667710689eb0cd648e/pymavlink-2.4.49-cp313-cp313-win32.whl", hash = "sha256:9f14bbe1ce3d5c0af4994f0f76d1a8d0c2f915d7dcb7645c1ecba42eeff89536", size = 6230635, upload-time = "2025-08-01T23:32:33.613Z" },
    { url = "https://files.pythonhosted.org/packages/1a/c4/d3e9e414dd7ba0124ef07d33d9492cc01db1b76ae3cec45443ec4d6a7935/pymavlink-2.4.49-cp313-cp313-win_amd64.whl", hash = "sha256:9777a0375ebcda0efda3f4eae6d8d2e5ce6de8e26c2f0ac7be1a016d0d386b82", size = 6242260, upload-time = "2025-08-01T23:32:35.256Z" },
    { url = "https://files.pythonhosted.org/packages/e5/36/52616b4fdd076177f1ba22e6ef40782b48e14efb47fce2c3bd4f8496ec23/pymavlink-2.4.49-cp313-cp313-win_arm64.whl", hash = "sha256:712ee4240a9489c6dab6158882c7e1f37516c5951db5841cd408ad7b4c6db0d4", size = 6231575, upload-time = "2025-08-01T23:32:36.845Z" },
]

[[package]]
name = "uav-gc-platform"
version = "0.1.0"
source = { virtual = "." }
dependencies = [
    { name = "pymavlink" },
]

[package.metadata]
requires-dist = [{ name = "pymavlink", specifier = ">=2.4.49" }]
